Microsoft Visual Studio Solution File, Format Version 12.00
# Visual Studio Version 17
VisualStudioVersion = 17.5.2.0
MinimumVisualStudioVersion = 10.0.40219.1
Project("{2150E333-8FDC-42A3-9474-1A3956D46DE8}") = "backend", "backend", "{1AE8ACA6-933B-BF2A-3671-3E2EAC007D16}"
EndProject
Project("{FAE04EC0-301F-11D3-BF4B-00C04F79EFBC}") = "UserManagement.Api", "backend\UserManagement.Api\UserManagement.Api.csproj", "{A87F74BC-3950-CE6A-90F3-7BE6A96F9A2E}"
EndProject
Global
	GlobalSection(SolutionConfigurationPlatforms) = preSolution
		Debug|Any CPU = Debug|Any CPU
		Release|Any CPU = Release|Any CPU
	EndGlobalSection
	GlobalSection(ProjectConfigurationPlatforms) = postSolution
		{A87F74BC-3950-CE6A-90F3-7BE6A96F9A2E}.Debug|Any CPU.ActiveCfg = Debug|Any CPU
		{A87F74BC-3950-CE6A-90F3-7BE6A96F9A2E}.Debug|Any CPU.Build.0 = Debug|Any CPU
		{A87F74BC-3950-CE6A-90F3-7BE6A96F9A2E}.Release|Any CPU.ActiveCfg = Release|Any CPU
		{A87F74BC-3950-CE6A-90F3-7BE6A96F9A2E}.Release|Any CPU.Build.0 = Release|Any CPU
	EndGlobalSection
	GlobalSection(SolutionProperties) = preSolution
		HideSolutionNode = FALSE
	EndGlobalSection
	GlobalSection(NestedProjects) = preSolution
		{A87F74BC-3950-CE6A-90F3-7BE6A96F9A2E} = {1AE8ACA6-933B-BF2A-3671-3E2EAC007D16}
	EndGlobalSection
	GlobalSection(ExtensibilityGlobals) = postSolution
		SolutionGuid = {7DC924F1-06A9-4B64-8ABF-CC0C54F046F1}
	EndGlobalSection
EndGlobal
